
Microsoft Visual Studio Solution File, Format Version 12.00
# Visual Studio Version 17
VisualStudioVersion = 17.6.33723.286
MinimumVisualStudioVersion = 10.0.40219.1
Project("{FAE04EC0-301F-11D3-BF4B-00C04F79EFBC}") = "Bonus630DevToolsBar", "Bonus630DevToolsBar\Bonus630DevToolsBar.csproj", "{8CD4556C-95AF-423F-B5EA-F87E061163FD}"
EndProject
Global
	GlobalSection(SolutionConfigurationPlatforms) = preSolution
		2017 Debug|Any CPU = 2017 Debug|Any CPU
		2017 Release|Any CPU = 2017 Release|Any CPU
		2018 Debug|Any CPU = 2018 Debug|Any CPU
		2018 Release|Any CPU = 2018 Release|Any CPU
		2019 Debug|Any CPU = 2019 Debug|Any CPU
		2019 Release|Any CPU = 2019 Release|Any CPU
		2020 Debug|Any CPU = 2020 Debug|Any CPU
		2020 Release|Any CPU = 2020 Release|Any CPU
		2021 Debug|Any CPU = 2021 Debug|Any CPU
		2021 Release|Any CPU = 2021 Release|Any CPU
		2022 Debug|Any CPU = 2022 Debug|Any CPU
		2022 Release|Any CPU = 2022 Release|Any CPU
		X7 Debug|Any CPU = X7 Debug|Any CPU
		X7 Release|Any CPU = X7 Release|Any CPU
		X8 Debug|Any CPU = X8 Debug|Any CPU
		X8 Release|Any CPU = X8 Release|Any CPU
	EndGlobalSection
	GlobalSection(ProjectConfigurationPlatforms) = postSolution
		{8CD4556C-95AF-423F-B5EA-F87E061163FD}.2017 Debug|Any CPU.ActiveCfg = 2017 Debug|Any CPU
		{8CD4556C-95AF-423F-B5EA-F87E061163FD}.2017 Debug|Any CPU.Build.0 = 2017 Debug|Any CPU
		{8CD4556C-95AF-423F-B5EA-F87E061163FD}.2017 Release|Any CPU.ActiveCfg = 2017 Release|Any CPU
		{8CD4556C-95AF-423F-B5EA-F87E061163FD}.2017 Release|Any CPU.Build.0 = 2017 Release|Any CPU
		{8CD4556C-95AF-423F-B5EA-F87E061163FD}.2018 Debug|Any CPU.ActiveCfg = 2018 Debug|Any CPU
		{8CD4556C-95AF-423F-B5EA-F87E061163FD}.2018 Debug|Any CPU.Build.0 = 2018 Debug|Any CPU
		{8CD4556C-95AF-423F-B5EA-F87E061163FD}.2018 Release|Any CPU.ActiveCfg = 2018 Release|Any CPU
		{8CD4556C-95AF-423F-B5EA-F87E061163FD}.2018 Release|Any CPU.Build.0 = 2018 Release|Any CPU
		{8CD4556C-95AF-423F-B5EA-F87E061163FD}.2019 Debug|Any CPU.ActiveCfg = 2019 Debug|Any CPU
		{8CD4556C-95AF-423F-B5EA-F87E061163FD}.2019 Debug|Any CPU.Build.0 = 2019 Debug|Any CPU
		{8CD4556C-95AF-423F-B5EA-F87E061163FD}.2019 Release|Any CPU.ActiveCfg = 2019 Release|Any CPU
		{8CD4556C-95AF-423F-B5EA-F87E061163FD}.2019 Release|Any CPU.Build.0 = 2019 Release|Any CPU
		{8CD4556C-95AF-423F-B5EA-F87E061163FD}.2020 Debug|Any CPU.ActiveCfg = 2020 Debug|Any CPU
		{8CD4556C-95AF-423F-B5EA-F87E061163FD}.2020 Debug|Any CPU.Build.0 = 2020 Debug|Any CPU
		{8CD4556C-95AF-423F-B5EA-F87E061163FD}.2020 Release|Any CPU.ActiveCfg = 2020 Release|Any CPU
		{8CD4556C-95AF-423F-B5EA-F87E061163FD}.2020 Release|Any CPU.Build.0 = 2020 Release|Any CPU
		{8CD4556C-95AF-423F-B5EA-F87E061163FD}.2021 Debug|Any CPU.ActiveCfg = 2021 Debug|Any CPU
		{8CD4556C-95AF-423F-B5EA-F87E061163FD}.2021 Debug|Any CPU.Build.0 = 2021 Debug|Any CPU
		{8CD4556C-95AF-423F-B5EA-F87E061163FD}.2021 Release|Any CPU.ActiveCfg = 2021 Release|Any CPU
		{8CD4556C-95AF-423F-B5EA-F87E061163FD}.2021 Release|Any CPU.Build.0 = 2021 Release|Any CPU
		{8CD4556C-95AF-423F-B5EA-F87E061163FD}.2022 Debug|Any CPU.ActiveCfg = 2022 Debug|Any CPU
		{8CD4556C-95AF-423F-B5EA-F87E061163FD}.2022 Debug|Any CPU.Build.0 = 2022 Debug|Any CPU
		{8CD4556C-95AF-423F-B5EA-F87E061163FD}.2022 Release|Any CPU.ActiveCfg = 2022 Release|Any CPU
		{8CD4556C-95AF-423F-B5EA-F87E061163FD}.2022 Release|Any CPU.Build.0 = 2022 Release|Any CPU
		{8CD4556C-95AF-423F-B5EA-F87E061163FD}.X7 Debug|Any CPU.ActiveCfg = X7 Debug|Any CPU
		{8CD4556C-95AF-423F-B5EA-F87E061163FD}.X7 Debug|Any CPU.Build.0 = X7 Debug|Any CPU
		{8CD4556C-95AF-423F-B5EA-F87E061163FD}.X7 Release|Any CPU.ActiveCfg = X7 Release|Any CPU
		{8CD4556C-95AF-423F-B5EA-F87E061163FD}.X7 Release|Any CPU.Build.0 = X7 Release|Any CPU
		{8CD4556C-95AF-423F-B5EA-F87E061163FD}.X8 Debug|Any CPU.ActiveCfg = X8 Debug|Any CPU
		{8CD4556C-95AF-423F-B5EA-F87E061163FD}.X8 Debug|Any CPU.Build.0 = X8 Debug|Any CPU
		{8CD4556C-95AF-423F-B5EA-F87E061163FD}.X8 Release|Any CPU.ActiveCfg = X8 Release|Any CPU
		{8CD4556C-95AF-423F-B5EA-F87E061163FD}.X8 Release|Any CPU.Build.0 = X8 Release|Any CPU
	EndGlobalSection
	GlobalSection(SolutionProperties) = preSolution
		HideSolutionNode = FALSE
	EndGlobalSection
	GlobalSection(ExtensibilityGlobals) = postSolution
		SolutionGuid = {DC201C1D-B722-4FA2-816D-FFE2F8E3EE97}
	EndGlobalSection
EndGlobal
